
Microsoft Visual Studio Solution File, Format Version 12.00
# Visual Studio Version 17
VisualStudioVersion = 17.8.34408.163
MinimumVisualStudioVersion = 10.0.40219.1
Project("{FAE04EC0-301F-11D3-BF4B-00C04F79EFBC}") = "Mission06_Cameron", "Mission06_Cameron\Mission06_Cameron.csproj", "{EB15186C-4931-414C-9E2C-210562A04299}"
EndProject
Global
	GlobalSection(SolutionConfigurationPlatforms) = preSolution
		Debug|Any CPU = Debug|Any CPU
		Release|Any CPU = Release|Any CPU
	EndGlobalSection
	GlobalSection(ProjectConfigurationPlatforms) = postSolution
		{EB15186C-4931-414C-9E2C-210562A04299}.Debug|Any CPU.ActiveCfg = Debug|Any CPU
		{EB15186C-4931-414C-9E2C-210562A04299}.Debug|Any CPU.Build.0 = Debug|Any CPU
		{EB15186C-4931-414C-9E2C-210562A04299}.Release|Any CPU.ActiveCfg = Release|Any CPU
		{EB15186C-4931-414C-9E2C-210562A04299}.Release|Any CPU.Build.0 = Release|Any CPU
	EndGlobalSection
	GlobalSection(SolutionProperties) = preSolution
		HideSolutionNode = FALSE
	EndGlobalSection
	GlobalSection(ExtensibilityGlobals) = postSolution
		SolutionGuid = {52D69F96-0D36-4D38-9828-3E24E645862F}
	EndGlobalSection
EndGlobal
